
Microsoft Visual Studio Solution File, Format Version 12.00
# Visual Studio 15
VisualStudioVersion = 15.0.28307.1062
MinimumVisualStudioVersion = 10.0.40219.1
Project("{9A19103F-16F7-4668-BE54-9A1E7A4F7556}") = "Hobby_1", "Hobby_1\Hobby_1.csproj", "{E8EC2663-DAC2-4CA7-A097-72B6F6C216FF}"
EndProject
Project("{9A19103F-16F7-4668-BE54-9A1E7A4F7556}") = "View", "View\View.csproj", "{49B86320-18EF-4859-86E9-99FA6ABFD4E7}"
EndProject
Project("{9A19103F-16F7-4668-BE54-9A1E7A4F7556}") = "Model", "Model\Model.csproj", "{C8BED24C-8776-4D58-8883-90A3BFE116B9}"
EndProject
Project("{9A19103F-16F7-4668-BE54-9A1E7A4F7556}") = "Logic", "Logic\Logic.csproj", "{21C4EDE6-7A31-42C0-9EE6-9EAC155601B3}"
EndProject
Project("{9A19103F-16F7-4668-BE54-9A1E7A4F7556}") = "Test", "Test\Test.csproj", "{35943AF7-ABAC-4142-9563-D89C805A87AB}"
EndProject
Global
	GlobalSection(SolutionConfigurationPlatforms) = preSolution
		Debug|Any CPU = Debug|Any CPU
		Release|Any CPU = Release|Any CPU
	EndGlobalSection
	GlobalSection(ProjectConfigurationPlatforms) = postSolution
		{E8EC2663-DAC2-4CA7-A097-72B6F6C216FF}.Debug|Any CPU.ActiveCfg = Debug|Any CPU
		{E8EC2663-DAC2-4CA7-A097-72B6F6C216FF}.Debug|Any CPU.Build.0 = Debug|Any CPU
		{E8EC2663-DAC2-4CA7-A097-72B6F6C216FF}.Release|Any CPU.ActiveCfg = Release|Any CPU
		{E8EC2663-DAC2-4CA7-A097-72B6F6C216FF}.Release|Any CPU.Build.0 = Release|Any CPU
		{49B86320-18EF-4859-86E9-99FA6ABFD4E7}.Debug|Any CPU.ActiveCfg = Debug|Any CPU
		{49B86320-18EF-4859-86E9-99FA6ABFD4E7}.Debug|Any CPU.Build.0 = Debug|Any CPU
		{49B86320-18EF-4859-86E9-99FA6ABFD4E7}.Release|Any CPU.ActiveCfg = Release|Any CPU
		{49B86320-18EF-4859-86E9-99FA6ABFD4E7}.Release|Any CPU.Build.0 = Release|Any CPU
		{C8BED24C-8776-4D58-8883-90A3BFE116B9}.Debug|Any CPU.ActiveCfg = Debug|Any CPU
		{C8BED24C-8776-4D58-8883-90A3BFE116B9}.Debug|Any CPU.Build.0 = Debug|Any CPU
		{C8BED24C-8776-4D58-8883-90A3BFE116B9}.Release|Any CPU.ActiveCfg = Release|Any CPU
		{C8BED24C-8776-4D58-8883-90A3BFE116B9}.Release|Any CPU.Build.0 = Release|Any CPU
		{21C4EDE6-7A31-42C0-9EE6-9EAC155601B3}.Debug|Any CPU.ActiveCfg = Debug|Any CPU
		{21C4EDE6-7A31-42C0-9EE6-9EAC155601B3}.Debug|Any CPU.Build.0 = Debug|Any CPU
		{21C4EDE6-7A31-42C0-9EE6-9EAC155601B3}.Release|Any CPU.ActiveCfg = Release|Any CPU
		{21C4EDE6-7A31-42C0-9EE6-9EAC155601B3}.Release|Any CPU.Build.0 = Release|Any CPU
		{35943AF7-ABAC-4142-9563-D89C805A87AB}.Debug|Any CPU.ActiveCfg = Debug|Any CPU
		{35943AF7-ABAC-4142-9563-D89C805A87AB}.Debug|Any CPU.Build.0 = Debug|Any CPU
		{35943AF7-ABAC-4142-9563-D89C805A87AB}.Release|Any CPU.ActiveCfg = Release|Any CPU
		{35943AF7-ABAC-4142-9563-D89C805A87AB}.Release|Any CPU.Build.0 = Release|Any CPU
	EndGlobalSection
	GlobalSection(SolutionProperties) = preSolution
		HideSolutionNode = FALSE
	EndGlobalSection
	GlobalSection(ExtensibilityGlobals) = postSolution
		SolutionGuid = {07B354A3-5E48-4801-9C39-8BE5877E4227}
	EndGlobalSection
EndGlobal
